
Microsoft Visual Studio Solution File, Format Version 12.00
# Visual Studio Version 16
VisualStudioVersion = 16.0.30907.101
MinimumVisualStudioVersion = 10.0.40219.1
Project("{9A19103F-16F7-4668-BE54-9A1E7A4F7556}") = "DataAccess", "DataAccess\DataAccess.csproj", "{550E0C19-E265-4BD8-80F0-B04339BEFAE7}"
EndProject
Project("{9A19103F-16F7-4668-BE54-9A1E7A4F7556}") = "Business", "Business\Business.csproj", "{70313ADB-55DA-481E-8B64-71E233C0EB5D}"
EndProject
Project("{9A19103F-16F7-4668-BE54-9A1E7A4F7556}") = "Entities", "Entities\Entities.csproj", "{2F861784-C112-4BBD-9AED-CB45C761DE79}"
EndProject
Project("{9A19103F-16F7-4668-BE54-9A1E7A4F7556}") = "ConsoleUI", "ConsoleUI\ConsoleUI.csproj", "{091B8E83-54D0-4382-BEF6-8C7CCA13D20F}"
EndProject
Project("{9A19103F-16F7-4668-BE54-9A1E7A4F7556}") = "Core", "Core\Core.csproj", "{D53B0D5B-B623-4FC1-B7AC-3F5E462072B7}"
EndProject
Project("{FAE04EC0-301F-11D3-BF4B-00C04F79EFBC}") = "WebAPI", "WebAPI\WebAPI.csproj", "{796067CB-4B04-40C3-B3DA-22152B237173}"
EndProject
Global
	GlobalSection(SolutionConfigurationPlatforms) = preSolution
		Debug|Any CPU = Debug|Any CPU
		Release|Any CPU = Release|Any CPU
	EndGlobalSection
	GlobalSection(ProjectConfigurationPlatforms) = postSolution
		{550E0C19-E265-4BD8-80F0-B04339BEFAE7}.Debug|Any CPU.ActiveCfg = Debug|Any CPU
		{550E0C19-E265-4BD8-80F0-B04339BEFAE7}.Debug|Any CPU.Build.0 = Debug|Any CPU
		{550E0C19-E265-4BD8-80F0-B04339BEFAE7}.Release|Any CPU.ActiveCfg = Release|Any CPU
		{550E0C19-E265-4BD8-80F0-B04339BEFAE7}.Release|Any CPU.Build.0 = Release|Any CPU
		{70313ADB-55DA-481E-8B64-71E233C0EB5D}.Debug|Any CPU.ActiveCfg = Debug|Any CPU
		{70313ADB-55DA-481E-8B64-71E233C0EB5D}.Debug|Any CPU.Build.0 = Debug|Any CPU
		{70313ADB-55DA-481E-8B64-71E233C0EB5D}.Release|Any CPU.ActiveCfg = Release|Any CPU
		{70313ADB-55DA-481E-8B64-71E233C0EB5D}.Release|Any CPU.Build.0 = Release|Any CPU
		{2F861784-C112-4BBD-9AED-CB45C761DE79}.Debug|Any CPU.ActiveCfg = Debug|Any CPU
		{2F861784-C112-4BBD-9AED-CB45C761DE79}.Debug|Any CPU.Build.0 = Debug|Any CPU
		{2F861784-C112-4BBD-9AED-CB45C761DE79}.Release|Any CPU.ActiveCfg = Release|Any CPU
		{2F861784-C112-4BBD-9AED-CB45C761DE79}.Release|Any CPU.Build.0 = Release|Any CPU
		{091B8E83-54D0-4382-BEF6-8C7CCA13D20F}.Debug|Any CPU.ActiveCfg = Debug|Any CPU
		{091B8E83-54D0-4382-BEF6-8C7CCA13D20F}.Debug|Any CPU.Build.0 = Debug|Any CPU
		{091B8E83-54D0-4382-BEF6-8C7CCA13D20F}.Release|Any CPU.ActiveCfg = Release|Any CPU
		{091B8E83-54D0-4382-BEF6-8C7CCA13D20F}.Release|Any CPU.Build.0 = Release|Any CPU
		{D53B0D5B-B623-4FC1-B7AC-3F5E462072B7}.Debug|Any CPU.ActiveCfg = Debug|Any CPU
		{D53B0D5B-B623-4FC1-B7AC-3F5E462072B7}.Debug|Any CPU.Build.0 = Debug|Any CPU
		{D53B0D5B-B623-4FC1-B7AC-3F5E462072B7}.Release|Any CPU.ActiveCfg = Release|Any CPU
		{D53B0D5B-B623-4FC1-B7AC-3F5E462072B7}.Release|Any CPU.Build.0 = Release|Any CPU
		{796067CB-4B04-40C3-B3DA-22152B237173}.Debug|Any CPU.ActiveCfg = Debug|Any CPU
		{796067CB-4B04-40C3-B3DA-22152B237173}.Debug|Any CPU.Build.0 = Debug|Any CPU
		{796067CB-4B04-40C3-B3DA-22152B237173}.Release|Any CPU.ActiveCfg = Release|Any CPU
		{796067CB-4B04-40C3-B3DA-22152B237173}.Release|Any CPU.Build.0 = Release|Any CPU
	EndGlobalSection
	GlobalSection(SolutionProperties) = preSolution
		HideSolutionNode = FALSE
	EndGlobalSection
	GlobalSection(ExtensibilityGlobals) = postSolution
		SolutionGuid = {DAB3088F-9850-4CF5-B258-A08B0C131A3E}
	EndGlobalSection
EndGlobal
